# This file is automatically @generated by Cargo.
# It is not intended for manual editing.
version = 3

[[package]]
name = "cl-sys"
version = "0.4.2"
source = "registry+https://github.com/rust-lang/crates.io-index"
checksum = "e8573fa3ff8acd6c49e8e113296c54277e82376b96c6ca6307848632cce38e44"
dependencies = [
 "libc",
]

[[package]]
name = "cl3"
version = "0.5.1"
source = "registry+https://github.com/rust-lang/crates.io-index"
checksum = "2a9b7857bc3d0cae506be5f065213cfe773e2a60c3294de2f9f601e44d6a4532"
dependencies = [
 "cl-sys",
 "libc",
]

[[package]]
name = "libc"
version = "0.2.103"
source = "registry+https://github.com/rust-lang/crates.io-index"
checksum = "dd8f7255a17a627354f321ef0055d63b898c6fb27eff628af4d1b66b7331edf6"

[[package]]
name = "nvidiabugminimal"
version = "0.1.0"
dependencies = [
 "opencl3",
]

[[package]]
name = "opencl3"
version = "0.5.3"
source = "registry+https://github.com/rust-lang/crates.io-index"
checksum = "b3450ed82ad8d9276dde3b0a68193f77a6e0ce0bb113c00aa2a1ae57168df65c"
dependencies = [
 "cl3",
 "libc",
]
